
Microsoft Visual Studio Solution File, Format Version 12.00
# Visual Studio 2012
Project("{FAE04EC0-301F-11D3-BF4B-00C04F79EFBC}") = "Eshop-16", "Eshop\Eshop-16.csproj", "{0623C3FA-8A1F-4C8D-BF12-87D37AF2693D}"
EndProject
Global
	GlobalSection(SolutionConfigurationPlatforms) = preSolution
		Debug|Any CPU = Debug|Any CPU
		Release|Any CPU = Release|Any CPU
	EndGlobalSection
	GlobalSection(ProjectConfigurationPlatforms) = postSolution
		{0623C3FA-8A1F-4C8D-BF12-87D37AF2693D}.Debug|Any CPU.ActiveCfg = Debug|Any CPU
		{0623C3FA-8A1F-4C8D-BF12-87D37AF2693D}.Debug|Any CPU.Build.0 = Debug|Any CPU
		{0623C3FA-8A1F-4C8D-BF12-87D37AF2693D}.Release|Any CPU.ActiveCfg = Release|Any CPU
		{0623C3FA-8A1F-4C8D-BF12-87D37AF2693D}.Release|Any CPU.Build.0 = Release|Any CPU
	EndGlobalSection
	GlobalSection(SolutionProperties) = preSolution
		HideSolutionNode = FALSE
	EndGlobalSection
	GlobalSection(ExtensibilityGlobals) = postSolution
		SolutionGuid = {B46396D5-8D3C-4AE6-A902-65E92B2673F8}
	EndGlobalSection
EndGlobal
